
Microsoft Visual Studio Solution File, Format Version 12.00
# Visual Studio Version 17
VisualStudioVersion = 17.9.34728.123
MinimumVisualStudioVersion = 10.0.40219.1
Project("{FAE04EC0-301F-11D3-BF4B-00C04F79EFBC}") = "VisualIndexer", "VisualIndexer\VisualIndexer.csproj", "{47E1DEBA-66E5-4057-8118-4FF660F50D61}"
EndProject
Project("{FAE04EC0-301F-11D3-BF4B-00C04F79EFBC}") = "VisualIndexer.Console", "VisualIndexer.Console\VisualIndexer.Console.csproj", "{30CB6B4A-02E8-4E43-B594-6F8BF33F19C6}"
EndProject
Project("{FAE04EC0-301F-11D3-BF4B-00C04F79EFBC}") = "VisualIndexer.WebApi", "VisualIndexer.WebApi\VisualIndexer.WebApi.csproj", "{663C0C2F-5B20-49D0-BF33-357DA48FACFE}"
EndProject
Global
	GlobalSection(SolutionConfigurationPlatforms) = preSolution
		Debug|Any CPU = Debug|Any CPU
		Release|Any CPU = Release|Any CPU
	EndGlobalSection
	GlobalSection(ProjectConfigurationPlatforms) = postSolution
		{47E1DEBA-66E5-4057-8118-4FF660F50D61}.Debug|Any CPU.ActiveCfg = Debug|Any CPU
		{47E1DEBA-66E5-4057-8118-4FF660F50D61}.Debug|Any CPU.Build.0 = Debug|Any CPU
		{47E1DEBA-66E5-4057-8118-4FF660F50D61}.Release|Any CPU.ActiveCfg = Release|Any CPU
		{47E1DEBA-66E5-4057-8118-4FF660F50D61}.Release|Any CPU.Build.0 = Release|Any CPU
		{30CB6B4A-02E8-4E43-B594-6F8BF33F19C6}.Debug|Any CPU.ActiveCfg = Debug|Any CPU
		{30CB6B4A-02E8-4E43-B594-6F8BF33F19C6}.Debug|Any CPU.Build.0 = Debug|Any CPU
		{30CB6B4A-02E8-4E43-B594-6F8BF33F19C6}.Release|Any CPU.ActiveCfg = Release|Any CPU
		{30CB6B4A-02E8-4E43-B594-6F8BF33F19C6}.Release|Any CPU.Build.0 = Release|Any CPU
		{663C0C2F-5B20-49D0-BF33-357DA48FACFE}.Debug|Any CPU.ActiveCfg = Debug|Any CPU
		{663C0C2F-5B20-49D0-BF33-357DA48FACFE}.Debug|Any CPU.Build.0 = Debug|Any CPU
		{663C0C2F-5B20-49D0-BF33-357DA48FACFE}.Release|Any CPU.ActiveCfg = Release|Any CPU
		{663C0C2F-5B20-49D0-BF33-357DA48FACFE}.Release|Any CPU.Build.0 = Release|Any CPU
		{7A70BE85-2018-4CF6-A7B6-12C454D6C375}.Debug|Any CPU.ActiveCfg = Debug|Any CPU
		{7A70BE85-2018-4CF6-A7B6-12C454D6C375}.Debug|Any CPU.Build.0 = Debug|Any CPU
		{7A70BE85-2018-4CF6-A7B6-12C454D6C375}.Release|Any CPU.ActiveCfg = Release|Any CPU
		{7A70BE85-2018-4CF6-A7B6-12C454D6C375}.Release|Any CPU.Build.0 = Release|Any CPU
	EndGlobalSection
	GlobalSection(SolutionProperties) = preSolution
		HideSolutionNode = FALSE
	EndGlobalSection
	GlobalSection(ExtensibilityGlobals) = postSolution
		SolutionGuid = {3134FAB3-8889-46E1-AAD3-59428F11FE4B}
	EndGlobalSection
EndGlobal
